// !$*UTF8*$!
{
	archiveVersion = 1;
	classes = {
	};
	objectVersion = 46;
	objects = {

/* Begin PBXBuildFile section */
		F0C24A9C1C8C00DA007D27CD /* main.swift in Sources */ = {isa = PBXBuildFile; fileRef = F0C24A9B1C8C00DA007D27CD /* main.swift */; };
/* End PBXBuildFile section */

/* Begin PBXCopyFilesBuildPhase section */
		F0C24A961C8C00DA007D27CD /* CopyFiles */ = {
			isa = PBXCopyFilesBuildPhase;
			buildActionMask = 2147483647;
			dstPath = /usr/share/man/man1/;
			dstSubfolderSpec = 0;
			files = (
			);
			runOnlyForDeploymentPostprocessing = 1;
		};
/* End PBXCopyFilesBuildPhase section */

/* Begin PBXFileReference section */
		F0C24A981C8C00DA007D27CD /* Juego de Memoria */ = {isa = PBXFileReference; explicitFileType = "compiled.mach-o.executable"; includeInIndex = 0; path = "Juego de Memoria"; sourceTree = BUILT_PRODUCTS_DIR; };
		F0C24A9B1C8C00DA007D27CD /* main.swift */ = {isa = PBXFileReference; lastKnownFileType = sourcecode.swift; path = main.swift; sourceTree = "<group>"; };
		F0C24AA21C8C0103007D27CD /* Juego de memoria.playground */ = {isa = PBXFileReference; lastKnownFileType = file.playground; name = "Juego de memoria.playground"; path = "../../Juego de memoria.playground"; sourceTree = "<group>"; };
		F0C24AA31C8C0CB7007D27CD /* Juego de Memoria.playground */ = {isa = PBXFileReference; lastKnownFileType = file.playground; path = "Juego de Memoria.playground"; sourceTree = "<group>"; };
/* End PBXFileReference section */

/* Begin PBXFrameworksBuildPhase section */
		F0C24A951C8C00DA007D27CD /* Frameworks */ = {
			isa = PBXFrameworksBuildPhase;
			buildActionMask = 2147483647;
			files = (
			);
			runOnlyForDeploymentPostprocessing = 0;
		};
/* End PBXFrameworksBuildPhase section */

/* Begin PBXGroup section */
		F0C24A8F1C8C00DA007D27CD = {
			isa = PBXGroup;
			children = (
				F0C24AA31C8C0CB7007D27CD /* Juego de Memoria.playground */,
				F0C24A9A1C8C00DA007D27CD /* Juego de Memoria */,
				F0C24A991C8C00DA007D27CD /* Products */,
			);
			sourceTree = "<group>";
		};
		F0C24A991C8C00DA007D27CD /* Products */ = {
			isa = PBXGroup;
			children = (
				F0C24A981C8C00DA007D27CD /* Juego de Memoria */,
			);
			name = Products;
			sourceTree = "<group>";
		};
		F0C24A9A1C8C00DA007D27CD /* Juego de Memoria */ = {
			isa = PBXGroup;
			children = (
				F0C24AA21C8C0103007D27CD /* Juego de memoria.playground */,
				F0C24A9B1C8C00DA007D27CD /* main.swift */,
			);
			path = "Juego de Memoria";
			sourceTree = "<group>";
		};
/* End PBXGroup section */

/* Begin PBXNativeTarget section */
		F0C24A971C8C00DA007D27CD /* Juego de Memoria */ = {
			isa = PBXNativeTarget;
			buildConfigurationList = F0C24A9F1C8C00DA007D27CD /* Build configuration list for PBXNativeTarget "Juego de Memoria" */;
			buildPhases = (
				F0C24A941C8C00DA007D27CD /* Sources */,
				F0C24A951C8C00DA007D27CD /* Frameworks */,
				F0C24A961C8C00DA007D27CD /* CopyFiles */,
			);
			buildRules = (
			);
			dependencies = (
			);
			name = "Juego de Memoria";
			productName = "Juego de Memoria";
			productReference = F0C24A981C8C00DA007D27CD /* Juego de Memoria */;
			productType = "com.apple.product-type.tool";
		};
/* End PBXNativeTarget section */

/* Begin PBXProject section */
		F0C24A901C8C00DA007D27CD /* Project object */ = {
			isa = PBXProject;
			attributes = {
				LastSwiftUpdateCheck = 0720;
				LastUpgradeCheck = 0720;
				ORGANIZATIONNAME = "Jason Solano";
				TargetAttributes = {
					F0C24A971C8C00DA007D27CD = {
						CreatedOnToolsVersion = 7.2.1;
					};
				};
			};
			buildConfigurationList = F0C24A931C8C00DA007D27CD /* Build configuration list for PBXProject "Juego de Memoria" */;
			compatibilityVersion = "Xcode 3.2";
			developmentRegion = English;
			hasScannedForEncodings = 0;
			knownRegions = (
				en,
			);
			mainGroup = F0C24A8F1C8C00DA007D27CD;
			productRefGroup = F0C24A991C8C00DA007D27CD /* Products */;
			projectDirPath = "";
			projectRoot = "";
			targets = (
				F0C24A971C8C00DA007D27CD /* Juego de Memoria */,
			);
		};
/* End PBXProject section */

/* Begin PBXSourcesBuildPhase section */
		F0C24A941C8C00DA007D27CD /* Sources */ = {
			isa = PBXSourcesBuildPhase;
			buildActionMask = 2147483647;
			files = (
				F0C24A9C1C8C00DA007D27CD /* main.swift in Sources */,
			);
			runOnlyForDeploymentPostprocessing = 0;
		};
/* End PBXSourcesBuildPhase section */

/* Begin XCBuildConfiguration section */
		F0C24A9D1C8C00DA007D27CD /* Debug */ = {
			isa = XCBuildConfiguration;
			buildSettings = {
				ALWAYS_SEARCH_USER_PATHS = NO;
				CLANG_CXX_LANGUAGE_STANDARD = "gnu++0x";
				CLANG_CXX_LIBRARY = "libc++";
				CLANG_ENABLE_MODULES = YES;
				CLANG_ENABLE_OBJC_ARC = YES;
				CLANG_WARN_BOOL_CONVERSION = YES;
				CLANG_WARN_CONSTANT_CONVERSION = YES;
				CLANG_WARN_DIRECT_OBJC_ISA_USAGE = YES_ERROR;
				CLANG_WARN_EMPTY_BODY = YES;
				CLANG_WARN_ENUM_CONVERSION = YES;
				CLANG_WARN_INT_CONVERSION = YES;
				CLANG_WARN_OBJC_ROOT_CLASS = YES_ERROR;
				CLANG_WARN_UNREACHABLE_CODE = YES;
				CLANG_WARN__DUPLICATE_METHOD_MATCH = YES;
				CODE_SIGN_IDENTITY = "-";
				COPY_PHASE_STRIP = NO;
				DEBUG_INFORMATION_FORMAT = dwarf;
				ENABLE_STRICT_OBJC_MSGSEND = YES;
				ENABLE_TESTABILITY = YES;
				GCC_C_LANGUAGE_STANDARD = gnu99;
				GCC_DYNAMIC_NO_PIC = NO;
				GCC_NO_COMMON_BLOCKS = YES;
				GCC_OPTIMIZATION_LEVEL = 0;
				GCC_PREPROCESSOR_DEFINITIONS = (
					"DEBUG=1",
					"$(inherited)",
				);
				GCC_WARN_64_TO_32_BIT_CONVERSION = YES;
				GCC_WARN_ABOUT_RETURN_TYPE = YES_ERROR;
				GCC_WARN_UNDECLARED_SELECTOR = YES;
				GCC_WARN_UNINITIALIZED_AUTOS = YES_AGGRESSIVE;
				GCC_WARN_UNUSED_FUNCTION = YES;
				GCC_WARN_UNUSED_VARIABLE = YES;
				MACOSX_DEPLOYMENT_TARGET = 10.11;
				MTL_ENABLE_DEBUG_INFO = YES;
				ONLY_ACTIVE_ARCH = YES;
				SDKROOT = macosx;
				SWIFT_OPTIMIZATION_LEVEL = "-Onone";
			};
			name = Debug;
		};
		F0C24A9E1C8C00DA007D27CD /* Release */ = {
			isa = XCBuildConfiguration;
			buildSettings = {
				ALWAYS_SEARCH_USER_PATHS = NO;
				CLANG_CXX_LANGUAGE_STANDARD = "gnu++0x";
				CLANG_CXX_LIBRARY = "libc++";
				CLANG_ENABLE_MODULES = YES;
				CLANG_ENABLE_OBJC_ARC = YES;
				CLANG_WARN_BOOL_CONVERSION = YES;
				CLANG_WARN_CONSTANT_CONVERSION = YES;
				CLANG_WARN_DIRECT_OBJC_ISA_USAGE = YES_ERROR;
				CLANG_WARN_EMPTY_BODY = YES;
				CLANG_WARN_ENUM_CONVERSION = YES;
				CLANG_WARN_INT_CONVERSION = YES;
				CLANG_WARN_OBJC_ROOT_CLASS = YES_ERROR;
				CLANG_WARN_UNREACHABLE_CODE = YES;
				CLANG_WARN__DUPLICATE_METHOD_MATCH = YES;
				CODE_SIGN_IDENTITY = "-";
				COPY_PHASE_STRIP = NO;
				DEBUG_INFORMATION_FORMAT = "dwarf-with-dsym";
				ENABLE_NS_ASSERTIONS = NO;
				ENABLE_STRICT_OBJC_MSGSEND = YES;
				GCC_C_LANGUAGE_STANDARD = gnu99;
				GCC_NO_COMMON_BLOCKS = YES;
				GCC_WARN_64_TO_32_BIT_CONVERSION = YES;
				GCC_WARN_ABOUT_RETURN_TYPE = YES_ERROR;
				GCC_WARN_UNDECLARED_SELECTOR = YES;
				GCC_WARN_UNINITIALIZED_AUTOS = YES_AGGRESSIVE;
				GCC_WARN_UNUSED_FUNCTION = YES;
				GCC_WARN_UNUSED_VARIABLE = YES;
				MACOSX_DEPLOYMENT_TARGET = 10.11;
				MTL_ENABLE_DEBUG_INFO = NO;
				SDKROOT = macosx;
			};
			name = Release;
		};
		F0C24AA01C8C00DA007D27CD /* Debug */ = {
			isa = XCBuildConfiguration;
			buildSettings = {
				PRODUCT_NAME = "$(TARGET_NAME)";
			};
			name = Debug;
		};
		F0C24AA11C8C00DA007D27CD /* Release */ = {
			isa = XCBuildConfiguration;
			buildSettings = {
				PRODUCT_NAME = "$(TARGET_NAME)";
			};
			name = Release;
		};
/* End XCBuildConfiguration section */

/* Begin XCConfigurationList section */
		F0C24A931C8C00DA007D27CD /* Build configuration list for PBXProject "Juego de Memoria" */ = {
			isa = XCConfigurationList;
			buildConfigurations = (
				F0C24A9D1C8C00DA007D27CD /* Debug */,
				F0C24A9E1C8C00DA007D27CD /* Release */,
			);
			defaultConfigurationIsVisible = 0;
			defaultConfigurationName = Release;
		};
		F0C24A9F1C8C00DA007D27CD /* Build configuration list for PBXNativeTarget "Juego de Memoria" */ = {
			isa = XCConfigurationList;
			buildConfigurations = (
				F0C24AA01C8C00DA007D27CD /* Debug */,
				F0C24AA11C8C00DA007D27CD /* Release */,
			);
			defaultConfigurationIsVisible = 0;
			defaultConfigurationName = Release;
		};
/* End XCConfigurationList section */
	};
	rootObject = F0C24A901C8C00DA007D27CD /* Project object */;
}
